// !$*UTF8*$!
{
	archiveVersion = 1;
	classes = {
	};
	objectVersion = 50;
	objects = {

/* Begin PBXBuildFile section */
		449E875126117F5D003A32AF /* AppDelegate.swift in Sources */ = {isa = PBXBuildFile; fileRef = 449E875026117F5D003A32AF /* AppDelegate.swift */; };
		449E875326117F5D003A32AF /* SceneDelegate.swift in Sources */ = {isa = PBXBuildFile; fileRef = 449E875226117F5D003A32AF /* SceneDelegate.swift */; };
		449E875526117F5D003A32AF /* ViewController.swift in Sources */ = {isa = PBXBuildFile; fileRef = 449E875426117F5D003A32AF /* ViewController.swift */; };
		449E875A26117F70003A32AF /* Assets.xcassets in Resources */ = {isa = PBXBuildFile; fileRef = 449E875926117F70003A32AF /* Assets.xcassets */; };
		449E875D26117F70003A32AF /* LaunchScreen.storyboard in Resources */ = {isa = PBXBuildFile; fileRef = 449E875B26117F70003A32AF /* LaunchScreen.storyboard */; };
		449E877026118075003A32AF /* VideoTableViewCell.swift in Sources */ = {isa = PBXBuildFile; fileRef = 449E876F26118075003A32AF /* VideoTableViewCell.swift */; };
		449E87732611808E003A32AF /* Response.swift in Sources */ = {isa = PBXBuildFile; fileRef = 449E87722611808E003A32AF /* Response.swift */; };
		449E877626118099003A32AF /* Video.swift in Sources */ = {isa = PBXBuildFile; fileRef = 449E877526118099003A32AF /* Video.swift */; };
		449E8779261180AB003A32AF /* Model.swift in Sources */ = {isa = PBXBuildFile; fileRef = 449E8778261180AB003A32AF /* Model.swift */; };
		449E87802611815F003A32AF /* Constants.swift in Sources */ = {isa = PBXBuildFile; fileRef = 449E877F2611815F003A32AF /* Constants.swift */; };
		449E878526118176003A32AF /* CacheManager.swift in Sources */ = {isa = PBXBuildFile; fileRef = 449E878426118176003A32AF /* CacheManager.swift */; };
		449E878D261183B8003A32AF /* Main.storyboard in Resources */ = {isa = PBXBuildFile; fileRef = 449E878C261183B7003A32AF /* Main.storyboard */; };
		449E8790261183E7003A32AF /* DetailViewController.swift in Sources */ = {isa = PBXBuildFile; fileRef = 449E878F261183E7003A32AF /* DetailViewController.swift */; };
/* End PBXBuildFile section */

/* Begin PBXFileReference section */
		449E874D26117F5D003A32AF /* Yt Clone.app */ = {isa = PBXFileReference; explicitFileType = wrapper.application; includeInIndex = 0; path = "Yt Clone.app"; sourceTree = BUILT_PRODUCTS_DIR; };
		449E875026117F5D003A32AF /* AppDelegate.swift */ = {isa = PBXFileReference; lastKnownFileType = sourcecode.swift; path = AppDelegate.swift; sourceTree = "<group>"; };
		449E875226117F5D003A32AF /* SceneDelegate.swift */ = {isa = PBXFileReference; lastKnownFileType = sourcecode.swift; path = SceneDelegate.swift; sourceTree = "<group>"; };
		449E875426117F5D003A32AF /* ViewController.swift */ = {isa = PBXFileReference; lastKnownFileType = sourcecode.swift; name = ViewController.swift; path = ../ViewController.swift; sourceTree = "<group>"; };
		449E875926117F70003A32AF /* Assets.xcassets */ = {isa = PBXFileReference; lastKnownFileType = folder.assetcatalog; path = Assets.xcassets; sourceTree = "<group>"; };
		449E875C26117F70003A32AF /* Base */ = {isa = PBXFileReference; lastKnownFileType = file.storyboard; name = Base; path = Base.lproj/LaunchScreen.storyboard; sourceTree = "<group>"; };
		449E875E26117F70003A32AF /* Info.plist */ = {isa = PBXFileReference; lastKnownFileType = text.plist.xml; path = Info.plist; sourceTree = "<group>"; };
		449E876F26118075003A32AF /* VideoTableViewCell.swift */ = {isa = PBXFileReference; lastKnownFileType = sourcecode.swift; path = VideoTableViewCell.swift; sourceTree = "<group>"; };
		449E87722611808E003A32AF /* Response.swift */ = {isa = PBXFileReference; lastKnownFileType = sourcecode.swift; path = Response.swift; sourceTree = "<group>"; };
		449E877526118099003A32AF /* Video.swift */ = {isa = PBXFileReference; lastKnownFileType = sourcecode.swift; path = Video.swift; sourceTree = "<group>"; };
		449E8778261180AB003A32AF /* Model.swift */ = {isa = PBXFileReference; lastKnownFileType = sourcecode.swift; path = Model.swift; sourceTree = "<group>"; };
		449E877F2611815F003A32AF /* Constants.swift */ = {isa = PBXFileReference; lastKnownFileType = sourcecode.swift; path = Constants.swift; sourceTree = "<group>"; };
		449E878426118176003A32AF /* CacheManager.swift */ = {isa = PBXFileReference; lastKnownFileType = sourcecode.swift; path = CacheManager.swift; sourceTree = "<group>"; };
		449E878C261183B7003A32AF /* Main.storyboard */ = {isa = PBXFileReference; fileEncoding = 4; lastKnownFileType = file.storyboard; name = Main.storyboard; path = ../../../../Downloads/Main.storyboard; sourceTree = "<group>"; };
		449E878F261183E7003A32AF /* DetailViewController.swift */ = {isa = PBXFileReference; lastKnownFileType = sourcecode.swift; path = DetailViewController.swift; sourceTree = "<group>"; };
/* End PBXFileReference section */

/* Begin PBXFrameworksBuildPhase section */
		449E874A26117F5D003A32AF /* Frameworks */ = {
			isa = PBXFrameworksBuildPhase;
			buildActionMask = 2147483647;
			files = (
			);
			runOnlyForDeploymentPostprocessing = 0;
		};
/* End PBXFrameworksBuildPhase section */

/* Begin PBXGroup section */
		449E874426117F5D003A32AF = {
			isa = PBXGroup;
			children = (
				449E874F26117F5D003A32AF /* Yt Clone */,
				449E874E26117F5D003A32AF /* Products */,
			);
			sourceTree = "<group>";
		};
		449E874E26117F5D003A32AF /* Products */ = {
			isa = PBXGroup;
			children = (
				449E874D26117F5D003A32AF /* Yt Clone.app */,
			);
			name = Products;
			sourceTree = "<group>";
		};
		449E874F26117F5D003A32AF /* Yt Clone */ = {
			isa = PBXGroup;
			children = (
				449E876A2611800B003A32AF /* Helper */,
				449E876926117FF7003A32AF /* StoryBoards */,
				449E876826117FEC003A32AF /* Models */,
				449E876726117FE4003A32AF /* Views */,
				449E876626117FCC003A32AF /* ViewControllers */,
				449E875226117F5D003A32AF /* SceneDelegate.swift */,
				449E875026117F5D003A32AF /* AppDelegate.swift */,
				449E875926117F70003A32AF /* Assets.xcassets */,
				449E875E26117F70003A32AF /* Info.plist */,
			);
			path = "Yt Clone";
			sourceTree = "<group>";
		};
		449E876626117FCC003A32AF /* ViewControllers */ = {
			isa = PBXGroup;
			children = (
				449E875426117F5D003A32AF /* ViewController.swift */,
				449E878F261183E7003A32AF /* DetailViewController.swift */,
			);
			path = ViewControllers;
			sourceTree = "<group>";
		};
		449E876726117FE4003A32AF /* Views */ = {
			isa = PBXGroup;
			children = (
				449E876F26118075003A32AF /* VideoTableViewCell.swift */,
			);
			path = Views;
			sourceTree = "<group>";
		};
		449E876826117FEC003A32AF /* Models */ = {
			isa = PBXGroup;
			children = (
				449E87722611808E003A32AF /* Response.swift */,
				449E877526118099003A32AF /* Video.swift */,
				449E8778261180AB003A32AF /* Model.swift */,
			);
			path = Models;
			sourceTree = "<group>";
		};
		449E876926117FF7003A32AF /* StoryBoards */ = {
			isa = PBXGroup;
			children = (
				449E878C261183B7003A32AF /* Main.storyboard */,
				449E875B26117F70003A32AF /* LaunchScreen.storyboard */,
			);
			path = StoryBoards;
			sourceTree = "<group>";
		};
		449E876A2611800B003A32AF /* Helper */ = {
			isa = PBXGroup;
			children = (
				449E877F2611815F003A32AF /* Constants.swift */,
				449E878426118176003A32AF /* CacheManager.swift */,
			);
			path = Helper;
			sourceTree = "<group>";
		};
/* End PBXGroup section */

/* Begin PBXNativeTarget section */
		449E874C26117F5D003A32AF /* Yt Clone */ = {
			isa = PBXNativeTarget;
			buildConfigurationList = 449E876126117F70003A32AF /* Build configuration list for PBXNativeTarget "Yt Clone" */;
			buildPhases = (
				449E874926117F5D003A32AF /* Sources */,
				449E874A26117F5D003A32AF /* Frameworks */,
				449E874B26117F5D003A32AF /* Resources */,
			);
			buildRules = (
			);
			dependencies = (
			);
			name = "Yt Clone";
			productName = "Yt Clone";
			productReference = 449E874D26117F5D003A32AF /* Yt Clone.app */;
			productType = "com.apple.product-type.application";
		};
/* End PBXNativeTarget section */

/* Begin PBXProject section */
		449E874526117F5D003A32AF /* Project object */ = {
			isa = PBXProject;
			attributes = {
				LastSwiftUpdateCheck = 1200;
				LastUpgradeCheck = 1200;
				TargetAttributes = {
					449E874C26117F5D003A32AF = {
						CreatedOnToolsVersion = 12.0.1;
					};
				};
			};
			buildConfigurationList = 449E874826117F5D003A32AF /* Build configuration list for PBXProject "Yt Clone" */;
			compatibilityVersion = "Xcode 9.3";
			developmentRegion = en;
			hasScannedForEncodings = 0;
			knownRegions = (
				en,
				Base,
			);
			mainGroup = 449E874426117F5D003A32AF;
			productRefGroup = 449E874E26117F5D003A32AF /* Products */;
			projectDirPath = "";
			projectRoot = "";
			targets = (
				449E874C26117F5D003A32AF /* Yt Clone */,
			);
		};
/* End PBXProject section */

/* Begin PBXResourcesBuildPhase section */
		449E874B26117F5D003A32AF /* Resources */ = {
			isa = PBXResourcesBuildPhase;
			buildActionMask = 2147483647;
			files = (
				449E878D261183B8003A32AF /* Main.storyboard in Resources */,
				449E875D26117F70003A32AF /* LaunchScreen.storyboard in Resources */,
				449E875A26117F70003A32AF /* Assets.xcassets in Resources */,
			);
			runOnlyForDeploymentPostprocessing = 0;
		};
/* End PBXResourcesBuildPhase section */

/* Begin PBXSourcesBuildPhase section */
		449E874926117F5D003A32AF /* Sources */ = {
			isa = PBXSourcesBuildPhase;
			buildActionMask = 2147483647;
			files = (
				449E875526117F5D003A32AF /* ViewController.swift in Sources */,
				449E878526118176003A32AF /* CacheManager.swift in Sources */,
				449E875126117F5D003A32AF /* AppDelegate.swift in Sources */,
				449E875326117F5D003A32AF /* SceneDelegate.swift in Sources */,
				449E87732611808E003A32AF /* Response.swift in Sources */,
				449E877626118099003A32AF /* Video.swift in Sources */,
				449E877026118075003A32AF /* VideoTableViewCell.swift in Sources */,
				449E8790261183E7003A32AF /* DetailViewController.swift in Sources */,
				449E8779261180AB003A32AF /* Model.swift in Sources */,
				449E87802611815F003A32AF /* Constants.swift in Sources */,
			);
			runOnlyForDeploymentPostprocessing = 0;
		};
/* End PBXSourcesBuildPhase section */

/* Begin PBXVariantGroup section */
		449E875B26117F70003A32AF /* LaunchScreen.storyboard */ = {
			isa = PBXVariantGroup;
			children = (
				449E875C26117F70003A32AF /* Base */,
			);
			name = LaunchScreen.storyboard;
			sourceTree = "<group>";
		};
/* End PBXVariantGroup section */

/* Begin XCBuildConfiguration section */
		449E875F26117F70003A32AF /* Debug */ = {
			isa = XCBuildConfiguration;
			buildSettings = {
				ALWAYS_SEARCH_USER_PATHS = NO;
				CLANG_ANALYZER_NONNULL = YES;
				CLANG_ANALYZER_NUMBER_OBJECT_CONVERSION = YES_AGGRESSIVE;
				CLANG_CXX_LANGUAGE_STANDARD = "gnu++14";
				CLANG_CXX_LIBRARY = "libc++";
				CLANG_ENABLE_MODULES = YES;
				CLANG_ENABLE_OBJC_ARC = YES;
				CLANG_ENABLE_OBJC_WEAK = YES;
				CLANG_WARN_BLOCK_CAPTURE_AUTORELEASING = YES;
				CLANG_WARN_BOOL_CONVERSION = YES;
				CLANG_WARN_COMMA = YES;
				CLANG_WARN_CONSTANT_CONVERSION = YES;
				CLANG_WARN_DEPRECATED_OBJC_IMPLEMENTATIONS = YES;
				CLANG_WARN_DIRECT_OBJC_ISA_USAGE = YES_ERROR;
				CLANG_WARN_DOCUMENTATION_COMMENTS = YES;
				CLANG_WARN_EMPTY_BODY = YES;
				CLANG_WARN_ENUM_CONVERSION = YES;
				CLANG_WARN_INFINITE_RECURSION = YES;
				CLANG_WARN_INT_CONVERSION = YES;
				CLANG_WARN_NON_LITERAL_NULL_CONVERSION = YES;
				CLANG_WARN_OBJC_IMPLICIT_RETAIN_SELF = YES;
				CLANG_WARN_OBJC_LITERAL_CONVERSION = YES;
				CLANG_WARN_OBJC_ROOT_CLASS = YES_ERROR;
				CLANG_WARN_QUOTED_INCLUDE_IN_FRAMEWORK_HEADER = YES;
				CLANG_WARN_RANGE_LOOP_ANALYSIS = YES;
				CLANG_WARN_STRICT_PROTOTYPES = YES;
				CLANG_WARN_SUSPICIOUS_MOVE = YES;
				CLANG_WARN_UNGUARDED_AVAILABILITY = YES_AGGRESSIVE;
				CLANG_WARN_UNREACHABLE_CODE = YES;
				CLANG_WARN__DUPLICATE_METHOD_MATCH = YES;
				COPY_PHASE_STRIP = NO;
				DEBUG_INFORMATION_FORMAT = dwarf;
				ENABLE_STRICT_OBJC_MSGSEND = YES;
				ENABLE_TESTABILITY = YES;
				GCC_C_LANGUAGE_STANDARD = gnu11;
				GCC_DYNAMIC_NO_PIC = NO;
				GCC_NO_COMMON_BLOCKS = YES;
				GCC_OPTIMIZATION_LEVEL = 0;
				GCC_PREPROCESSOR_DEFINITIONS = (
					"DEBUG=1",
					"$(inherited)",
				);
				GCC_WARN_64_TO_32_BIT_CONVERSION = YES;
				GCC_WARN_ABOUT_RETURN_TYPE = YES_ERROR;
				GCC_WARN_UNDECLARED_SELECTOR = YES;
				GCC_WARN_UNINITIALIZED_AUTOS = YES_AGGRESSIVE;
				GCC_WARN_UNUSED_FUNCTION = YES;
				GCC_WARN_UNUSED_VARIABLE = YES;
				IPHONEOS_DEPLOYMENT_TARGET = 14.0;
				MTL_ENABLE_DEBUG_INFO = INCLUDE_SOURCE;
				MTL_FAST_MATH = YES;
				ONLY_ACTIVE_ARCH = YES;
				SDKROOT = iphoneos;
				SWIFT_ACTIVE_COMPILATION_CONDITIONS = DEBUG;
				SWIFT_OPTIMIZATION_LEVEL = "-Onone";
			};
			name = Debug;
		};
		449E876026117F70003A32AF /* Release */ = {
			isa = XCBuildConfiguration;
			buildSettings = {
				ALWAYS_SEARCH_USER_PATHS = NO;
				CLANG_ANALYZER_NONNULL = YES;
				CLANG_ANALYZER_NUMBER_OBJECT_CONVERSION = YES_AGGRESSIVE;
				CLANG_CXX_LANGUAGE_STANDARD = "gnu++14";
				CLANG_CXX_LIBRARY = "libc++";
				CLANG_ENABLE_MODULES = YES;
				CLANG_ENABLE_OBJC_ARC = YES;
				CLANG_ENABLE_OBJC_WEAK = YES;
				CLANG_WARN_BLOCK_CAPTURE_AUTORELEASING = YES;
				CLANG_WARN_BOOL_CONVERSION = YES;
				CLANG_WARN_COMMA = YES;
				CLANG_WARN_CONSTANT_CONVERSION = YES;
				CLANG_WARN_DEPRECATED_OBJC_IMPLEMENTATIONS = YES;
				CLANG_WARN_DIRECT_OBJC_ISA_USAGE = YES_ERROR;
				CLANG_WARN_DOCUMENTATION_COMMENTS = YES;
				CLANG_WARN_EMPTY_BODY = YES;
				CLANG_WARN_ENUM_CONVERSION = YES;
				CLANG_WARN_INFINITE_RECURSION = YES;
				CLANG_WARN_INT_CONVERSION = YES;
				CLANG_WARN_NON_LITERAL_NULL_CONVERSION = YES;
				CLANG_WARN_OBJC_IMPLICIT_RETAIN_SELF = YES;
				CLANG_WARN_OBJC_LITERAL_CONVERSION = YES;
				CLANG_WARN_OBJC_ROOT_CLASS = YES_ERROR;
				CLANG_WARN_QUOTED_INCLUDE_IN_FRAMEWORK_HEADER = YES;
				CLANG_WARN_RANGE_LOOP_ANALYSIS = YES;
				CLANG_WARN_STRICT_PROTOTYPES = YES;
				CLANG_WARN_SUSPICIOUS_MOVE = YES;
				CLANG_WARN_UNGUARDED_AVAILABILITY = YES_AGGRESSIVE;
				CLANG_WARN_UNREACHABLE_CODE = YES;
				CLANG_WARN__DUPLICATE_METHOD_MATCH = YES;
				COPY_PHASE_STRIP = NO;
				DEBUG_INFORMATION_FORMAT = "dwarf-with-dsym";
				ENABLE_NS_ASSERTIONS = NO;
				ENABLE_STRICT_OBJC_MSGSEND = YES;
				GCC_C_LANGUAGE_STANDARD = gnu11;
				GCC_NO_COMMON_BLOCKS = YES;
				GCC_WARN_64_TO_32_BIT_CONVERSION = YES;
				GCC_WARN_ABOUT_RETURN_TYPE = YES_ERROR;
				GCC_WARN_UNDECLARED_SELECTOR = YES;
				GCC_WARN_UNINITIALIZED_AUTOS = YES_AGGRESSIVE;
				GCC_WARN_UNUSED_FUNCTION = YES;
				GCC_WARN_UNUSED_VARIABLE = YES;
				IPHONEOS_DEPLOYMENT_TARGET = 14.0;
				MTL_ENABLE_DEBUG_INFO = NO;
				MTL_FAST_MATH = YES;
				SDKROOT = iphoneos;
				SWIFT_COMPILATION_MODE = wholemodule;
				SWIFT_OPTIMIZATION_LEVEL = "-O";
				VALIDATE_PRODUCT = YES;
			};
			name = Release;
		};
		449E876226117F70003A32AF /* Debug */ = {
			isa = XCBuildConfiguration;
			buildSettings = {
				ASSETCATALOG_COMPILER_APPICON_NAME = AppIcon;
				ASSETCATALOG_COMPILER_GLOBAL_ACCENT_COLOR_NAME = AccentColor;
				CODE_SIGN_STYLE = Automatic;
				DEVELOPMENT_TEAM = Z2Q6HL9NUB;
				INFOPLIST_FILE = "Yt Clone/Info.plist";
				LD_RUNPATH_SEARCH_PATHS = (
					"$(inherited)",
					"@executable_path/Frameworks",
				);
				PRODUCT_BUNDLE_IDENTIFIER = "Luthv.co.Yt-Clone";
				PRODUCT_NAME = "$(TARGET_NAME)";
				SWIFT_VERSION = 5.0;
				TARGETED_DEVICE_FAMILY = "1,2";
			};
			name = Debug;
		};
		449E876326117F70003A32AF /* Release */ = {
			isa = XCBuildConfiguration;
			buildSettings = {
				ASSETCATALOG_COMPILER_APPICON_NAME = AppIcon;
				ASSETCATALOG_COMPILER_GLOBAL_ACCENT_COLOR_NAME = AccentColor;
				CODE_SIGN_STYLE = Automatic;
				DEVELOPMENT_TEAM = Z2Q6HL9NUB;
				INFOPLIST_FILE = "Yt Clone/Info.plist";
				LD_RUNPATH_SEARCH_PATHS = (
					"$(inherited)",
					"@executable_path/Frameworks",
				);
				PRODUCT_BUNDLE_IDENTIFIER = "Luthv.co.Yt-Clone";
				PRODUCT_NAME = "$(TARGET_NAME)";
				SWIFT_VERSION = 5.0;
				TARGETED_DEVICE_FAMILY = "1,2";
			};
			name = Release;
		};
/* End XCBuildConfiguration section */

/* Begin XCConfigurationList section */
		449E874826117F5D003A32AF /* Build configuration list for PBXProject "Yt Clone" */ = {
			isa = XCConfigurationList;
			buildConfigurations = (
				449E875F26117F70003A32AF /* Debug */,
				449E876026117F70003A32AF /* Release */,
			);
			defaultConfigurationIsVisible = 0;
			defaultConfigurationName = Release;
		};
		449E876126117F70003A32AF /* Build configuration list for PBXNativeTarget "Yt Clone" */ = {
			isa = XCConfigurationList;
			buildConfigurations = (
				449E876226117F70003A32AF /* Debug */,
				449E876326117F70003A32AF /* Release */,
			);
			defaultConfigurationIsVisible = 0;
			defaultConfigurationName = Release;
		};
/* End XCConfigurationList section */
	};
	rootObject = 449E874526117F5D003A32AF /* Project object */;
}
